{
    "_meta": {
        "hash": {
            "sha256": "8e17bb5677641754477963f0fa32d61c69da8ea81d1043da0f640fc387ae3573"
        },
        "pipfile-spec": 6,
        "requires": {
            "python_version": "3.13"
        },
        "sources": [
            {
                "name": "pypi",
                "url": "https://pypi.org/simple",
                "verify_ssl": true
            }
        ]
    },
    "default": {
        "beautifulsoup4": {
            "hashes": [
                "sha256:5e70131382930e7c3de33450a2f54a63d5e4b19386eab43a5b34d594268f3695",
                "sha256:642085eaa22233aceadff9c69651bc51e8bf3f874fb6d7104ece2beb24b47c4a"
            ],
            "index": "pypi",
            "markers": "python_full_version >= '3.7.0'",
            "version": "==4.13.5"
        },
        "certifi": {
            "hashes": [
                "sha256:e564105f78ded564e3ae7c923924435e1daa7463faeab5bb932bc53ffae63407",
                "sha256:f6c12493cfb1b06ba2ff328595af9350c65d6644968e5d3a2ffd78699af217a5"
            ],
            "markers": "python_version >= '3.7'",
            "version": "==2025.8.3"
        },
        "cffi": {
            "hashes": [
                "sha256:045d61c734659cc045141be4bae381a41d89b741f795af1dd018bfb532fd0df8",
                "sha256:0984a4925a435b1da406122d4d7968dd861c1385afe3b45ba82b750f229811e2",
                "sha256:0e2b1fac190ae3ebfe37b979cc1ce69c81f4e4fe5746bb401dca63a9062cdaf1",
                "sha256:0f048dcf80db46f0098ccac01132761580d28e28bc0f78ae0d58048063317e15",
                "sha256:1257bdabf294dceb59f5e70c64a3e2f462c30c7ad68092d01bbbfb1c16b1ba36",
                "sha256:1c39c6016c32bc48dd54561950ebd6836e1670f2ae46128f67cf49e789c52824",
                "sha256:1d599671f396c4723d016dbddb72fe8e0397082b0a77a4fab8028923bec050e8",
                "sha256:28b16024becceed8c6dfbc75629e27788d8a3f9030691a1dbf9821a128b22c36",
                "sha256:2bb1a08b8008b281856e5971307cc386a8e9c5b625ac297e853d36da6efe9c17",
                "sha256:30c5e0cb5ae493c04c8b42916e52ca38079f1b235c2f8ae5f4527b963c401caf",
                "sha256:31000ec67d4221a71bd3f67df918b1f88f676f1c3b535a7eb473255fdc0b83fc",
                "sha256:386c8bf53c502fff58903061338ce4f4950cbdcb23e2902d86c0f722b786bbe3",
                "sha256:3edc8d958eb099c634dace3c7e16560ae474aa3803a5df240542b305d14e14ed",
                "sha256:45398b671ac6d70e67da8e4224a065cec6a93541bb7aebe1b198a61b58c7b702",
                "sha256:46bf43160c1a35f7ec506d254e5c890f3c03648a4dbac12d624e4490a7046cd1",
                "sha256:4ceb10419a9adf4460ea14cfd6bc43d08701f0835e979bf821052f1805850fe8",
                "sha256:51392eae71afec0d0c8fb1a53b204dbb3bcabcb3c9b807eedf3e1e6ccf2de903",
                "sha256:5da5719280082ac6bd9aa7becb3938dc9f9cbd57fac7d2871717b1feb0902ab6",
                "sha256:610faea79c43e44c71e1ec53a554553fa22321b65fae24889706c0a84d4ad86d",
                "sha256:636062ea65bd0195bc012fea9321aca499c0504409f413dc88af450b57ffd03b",
                "sha256:6883e737d7d9e4899a8a695e00ec36bd4e5e4f18fabe0aca0efe0a4b44cdb13e",
                "sha256:6b8b4a92e1c65048ff98cfe1f735ef8f1ceb72e3d5f0c25fdb12087a23da22be",
                "sha256:6f17be4345073b0a7b8ea599688f692ac3ef23ce28e5df79c04de519dbc4912c",
                "sha256:706510fe141c86a69c8ddc029c7910003a17353970cff3b904ff0686a5927683",
                "sha256:72e72408cad3d5419375fc87d289076ee319835bdfa2caad331e377589aebba9",
                "sha256:733e99bc2df47476e3848417c5a4540522f234dfd4ef3ab7fafdf555b082ec0c",
                "sha256:7596d6620d3fa590f677e9ee430df2958d2d6d6de2feeae5b20e82c00b76fbf8",
                "sha256:78122be759c3f8a014ce010908ae03364d00a1f81ab5c7f4a7a5120607ea56e1",
                "sha256:805b4371bf7197c329fcb3ead37e710d1bca9da5d583f5073b799d5c5bd1eee4",
                "sha256:85a950a4ac9c359340d5963966e3e0a94a676bd6245a4b55bc43949eee26a655",
                "sha256:8f2cdc858323644ab277e9bb925ad72ae0e67f69e804f4898c070998d50b1a67",
                "sha256:9755e4345d1ec879e3849e62222a18c7174d65a6a92d5b346b1863912168b595",
                "sha256:98e3969bcff97cae1b2def8ba499ea3d6f31ddfdb7635374834cf89a1a08ecf0",
                "sha256:a08d7e755f8ed21095a310a693525137cfe756ce62d066e53f502a83dc550f65",
                "sha256:a1ed2dd2972641495a3ec98445e09766f077aee98a1c896dcb4ad0d303628e41",
                "sha256:a24ed04c8ffd54b0729c07cee15a81d964e6fee0e3d4d342a27b020d22959dc6",
                "sha256:a45e3c6913c5b87b3ff120dcdc03f6131fa0065027d0ed7ee6190736a74cd401",
                "sha256:a9b15d491f3ad5d692e11f6b71f7857e7835eb677955c00cc0aefcd0669adaf6",
                "sha256:ad9413ccdeda48c5afdae7e4fa2192157e991ff761e7ab8fdd8926f40b160cc3",
                "sha256:b2ab587605f4ba0bf81dc0cb08a41bd1c0a5906bd59243d56bad7668a6fc6c16",
                "sha256:b62ce867176a75d03a665bad002af8e6d54644fad99a3c70905c543130e39d93",
                "sha256:c03e868a0b3bc35839ba98e74211ed2b05d2119be4e8a0f224fba9384f1fe02e",
                "sha256:c59d6e989d07460165cc5ad3c61f9fd8f1b4796eacbd81cee78957842b834af4",
                "sha256:c7eac2ef9b63c79431bc4b25f1cd649d7f061a28808cbc6c47b534bd789ef964",
                "sha256:c9c3d058ebabb74db66e431095118094d06abf53284d9c81f27300d0e0d8bc7c",
                "sha256:ca74b8dbe6e8e8263c0ffd60277de77dcee6c837a3d0881d8c1ead7268c9e576",
                "sha256:caaf0640ef5f5517f49bc275eca1406b0ffa6aa184892812030f04c2abf589a0",
                "sha256:cdf5ce3acdfd1661132f2a9c19cac174758dc2352bfe37d98aa7512c6b7178b3",
                "sha256:d016c76bdd850f3c626af19b0542c9677ba156e4ee4fccfdd7848803533ef662",
                "sha256:d01b12eeeb4427d3110de311e1774046ad344f5b1a7403101878976ecd7a10f3",
                "sha256:d63afe322132c194cf832bfec0dc69a99fb9bb6bbd550f161a49e9e855cc78ff",
                "sha256:da95af8214998d77a98cc14e3a3bd00aa191526343078b530ceb0bd710fb48a5",
                "sha256:dd398dbc6773384a17fe0d3e7eeb8d1a21c2200473ee6806bb5e6a8e62bb73dd",
                "sha256:de2ea4b5833625383e464549fec1bc395c1bdeeb5f25c4a3a82b5a8c756ec22f",
                "sha256:de55b766c7aa2e2a3092c51e0483d700341182f08e67c63630d5b6f200bb28e5",
                "sha256:df8b1c11f177bc2313ec4b2d46baec87a5f3e71fc8b45dab2ee7cae86d9aba14",
                "sha256:e03eab0a8677fa80d646b5ddece1cbeaf556c313dcfac435ba11f107ba117b5d",
                "sha256:e221cf152cff04059d011ee126477f0d9588303eb57e88923578ace7baad17f9",
                "sha256:e31ae45bc2e29f6b2abd0de1cc3b9d5205aa847cafaecb8af1476a609a2f6eb7",
                "sha256:edae79245293e15384b51f88b00613ba9f7198016a5948b5dddf4917d4d26382",
                "sha256:f1e22e8c4419538cb197e4dd60acc919d7696e5ef98ee4da4e01d3f8cfa4cc5a",
                "sha256:f3a2b4222ce6b60e2e8b337bb9596923045681d71e5a082783484d845390938e",
                "sha256:f6a16c31041f09ead72d69f583767292f750d24913dadacf5756b966aacb3f1a",
                "sha256:f75c7ab1f9e4aca5414ed4d8e5c0e303a34f4421f8a0d47a4d019ceff0ab6af4",
                "sha256:f79fc4fc25f1c8698ff97788206bb3c2598949bfe0fef03d299eb1b5356ada99",
                "sha256:f7f5baafcc48261359e14bcd6d9bff6d4b28d9103847c9e136694cb0501aef87",
                "sha256:fc48c783f9c87e60831201f2cce7f3b2e4846bf4d8728eabe54d60700b318a0b"
            ],
            "markers": "python_version >= '3.8'",
            "version": "==1.17.1"
        },
        "charset-normalizer": {
            "hashes": [
                "sha256:00237675befef519d9af72169d8604a067d92755e84fe76492fef5441db05b91",
                "sha256:02425242e96bcf29a49711b0ca9f37e451da7c70562bc10e8ed992a5a7a25cc0",
                "sha256:027b776c26d38b7f15b26a5da1044f376455fb3766df8fc38563b4efbc515154",
                "sha256:07a0eae9e2787b586e129fdcbe1af6997f8d0e5abaa0bc98c0e20e124d67e601",
                "sha256:0cacf8f7297b0c4fcb74227692ca46b4a5852f8f4f24b3c766dd94a1075c4884",
                "sha256:0e78314bdc32fa80696f72fa16dc61168fda4d6a0c014e0380f9d02f0e5d8a07",
                "sha256:0f2be7e0cf7754b9a30eb01f4295cc3d4358a479843b31f328afd210e2c7598c",
                "sha256:13faeacfe61784e2559e690fc53fa4c5ae97c6fcedb8eb6fb8d0a15b475d2c64",
                "sha256:14c2a87c65b351109f6abfc424cab3927b3bdece6f706e4d12faaf3d52ee5efe",
                "sha256:1606f4a55c0fd363d754049cdf400175ee96c992b1f8018b993941f221221c5f",
                "sha256:16a8770207946ac75703458e2c743631c79c59c5890c80011d536248f8eaa432",
                "sha256:18343b2d246dc6761a249ba1fb13f9ee9a2bcd95decc767319506056ea4ad4dc",
                "sha256:18b97b8404387b96cdbd30ad660f6407799126d26a39ca65729162fd810a99aa",
                "sha256:1bb60174149316da1c35fa5233681f7c0f9f514509b8e399ab70fea5f17e45c9",
                "sha256:1e8ac75d72fa3775e0b7cb7e4629cec13b7514d928d15ef8ea06bca03ef01cae",
                "sha256:1ef99f0456d3d46a50945c98de1774da86f8e992ab5c77865ea8b8195341fc19",
                "sha256:2001a39612b241dae17b4687898843f254f8748b796a2e16f1051a17078d991d",
                "sha256:23b6b24d74478dc833444cbd927c338349d6ae852ba53a0d02a2de1fce45b96e",
                "sha256:252098c8c7a873e17dd696ed98bbe91dbacd571da4b87df3736768efa7a792e4",
                "sha256:257f26fed7d7ff59921b78244f3cd93ed2af1800ff048c33f624c87475819dd7",
                "sha256:2c322db9c8c89009a990ef07c3bcc9f011a3269bc06782f916cd3d9eed7c9312",
                "sha256:30a96e1e1f865f78b030d65241c1ee850cdf422d869e9028e2fc1d5e4db73b92",
                "sha256:30d006f98569de3459c2fc1f2acde170b7b2bd265dc1943e87e1a4efe1b67c31",
                "sha256:31a9a6f775f9bcd865d88ee350f0ffb0e25936a7f930ca98995c05abf1faf21c",
                "sha256:320e8e66157cc4e247d9ddca8e21f427efc7a04bbd0ac8a9faf56583fa543f9f",
                "sha256:34a7f768e3f985abdb42841e20e17b330ad3aaf4bb7e7aeeb73db2e70f077b99",
                "sha256:3653fad4fe3ed447a596ae8638b437f827234f01a8cd801842e43f3d0a6b281b",
                "sha256:3cd35b7e8aedeb9e34c41385fda4f73ba609e561faedfae0a9e75e44ac558a15",
                "sha256:3cfb2aad70f2c6debfbcb717f23b7eb55febc0bb23dcffc0f076009da10c6392",
                "sha256:416175faf02e4b0810f1f38bcb54682878a4af94059a1cd63b8747244420801f",
                "sha256:41d1fc408ff5fdfb910200ec0e74abc40387bccb3252f3f27c0676731df2b2c8",
                "sha256:42e5088973e56e31e4fa58eb6bd709e42fc03799c11c42929592889a2e54c491",
                "sha256:4ca4c094de7771a98d7fbd67d9e5dbf1eb73efa4f744a730437d8a3a5cf994f0",
                "sha256:511729f456829ef86ac41ca78c63a5cb55240ed23b4b737faca0eb1abb1c41bc",
                "sha256:53cd68b185d98dde4ad8990e56a58dea83a4162161b1ea9272e5c9182ce415e0",
                "sha256:585f3b2a80fbd26b048a0be90c5aae8f06605d3c92615911c3a2b03a8a3b796f",
                "sha256:5b413b0b1bfd94dbf4023ad6945889f374cd24e3f62de58d6bb102c4d9ae534a",
                "sha256:5d8d01eac18c423815ed4f4a2ec3b439d654e55ee4ad610e153cf02faf67ea40",
                "sha256:6aab0f181c486f973bc7262a97f5aca3ee7e1437011ef0c2ec04b5a11d16c927",
                "sha256:6cf8fd4c04756b6b60146d98cd8a77d0cdae0e1ca20329da2ac85eed779b6849",
                "sha256:6fb70de56f1859a3f71261cbe41005f56a7842cc348d3aeb26237560bfa5e0ce",
                "sha256:6fce4b8500244f6fcb71465d4a4930d132ba9ab8e71a7859e6a5d59851068d14",
                "sha256:70bfc5f2c318afece2f5838ea5e4c3febada0be750fcf4775641052bbba14d05",
                "sha256:73dc19b562516fc9bcf6e5d6e596df0b4eb98d87e4f79f3ae71840e6ed21361c",
                "sha256:74d77e25adda8581ffc1c720f1c81ca082921329452eba58b16233ab1842141c",
                "sha256:78deba4d8f9590fe4dae384aeff04082510a709957e968753ff3c48399f6f92a",
                "sha256:86df271bf921c2ee3818f0522e9a5b8092ca2ad8b065ece5d7d9d0e9f4849bcc",
                "sha256:88ab34806dea0671532d3f82d82b85e8fc23d7b2dd12fa837978dad9bb392a34",
                "sha256:8999f965f922ae054125286faf9f11bc6932184b93011d138925a1773830bbe9",
                "sha256:8dcfc373f888e4fb39a7bc57e93e3b845e7f462dacc008d9749568b1c4ece096",
                "sha256:939578d9d8fd4299220161fdd76e86c6a251987476f5243e8864a7844476ba14",
                "sha256:96b2b3d1a83ad55310de8c7b4a2d04d9277d5591f40761274856635acc5fcb30",
                "sha256:a2d08ac246bb48479170408d6c19f6385fa743e7157d716e144cad849b2dd94b",
                "sha256:b256ee2e749283ef3ddcff51a675ff43798d92d746d1a6e4631bf8c707d22d0b",
                "sha256:b5e3b2d152e74e100a9e9573837aba24aab611d39428ded46f4e4022ea7d1942",
                "sha256:b89bc04de1d83006373429975f8ef9e7932534b8cc9ca582e4db7d20d91816db",
                "sha256:bd28b817ea8c70215401f657edef3a8aa83c29d447fb0b622c35403780ba11d5",
                "sha256:c60e092517a73c632ec38e290eba714e9627abe9d301c8c8a12ec32c314a2a4b",
                "sha256:c6dbd0ccdda3a2ba7c2ecd9d77b37f3b5831687d8dc1b6ca5f56a4880cc7b7ce",
                "sha256:c6e490913a46fa054e03699c70019ab869e990270597018cef1d8562132c2669",
                "sha256:c6f162aabe9a91a309510d74eeb6507fab5fff92337a15acbe77753d88d9dcf0",
                "sha256:c6fd51128a41297f5409deab284fecbe5305ebd7e5a1f959bee1c054622b7018",
                "sha256:cc34f233c9e71701040d772aa7490318673aa7164a0efe3172b2981218c26d93",
                "sha256:cc9370a2da1ac13f0153780040f465839e6cccb4a1e44810124b4e22483c93fe",
                "sha256:ccf600859c183d70eb47e05a44cd80a4ce77394d1ac0f79dbd2dd90a69a3a049",
                "sha256:ce571ab16d890d23b5c278547ba694193a45011ff86a9162a71307ed9f86759a",
                "sha256:cf1ebb7d78e1ad8ec2a8c4732c7be2e736f6e5123a4146c5b89c9d1f585f8cef",
                "sha256:d0e909868420b7049dafd3a31d45125b31143eec59235311fc4c57ea26a4acd2",
                "sha256:d22dbedd33326a4a5190dd4fe9e9e693ef12160c77382d9e87919bce54f3d4ca",
                "sha256:d716a916938e03231e86e43782ca7878fb602a125a91e7acb8b5112e2e96ac16",
                "sha256:d79c198e27580c8e958906f803e63cddb77653731be08851c7df0b1a14a8fc0f",
                "sha256:d95bfb53c211b57198bb91c46dd5a2d8018b3af446583aab40074bf7988401cb",
                "sha256:e28e334d3ff134e88989d90ba04b47d84382a828c061d0d1027b1b12a62b39b1",
                "sha256:ec557499516fc90fd374bf2e32349a2887a876fbf162c160e3c01b6849eaf557",
                "sha256:fb6fecfd65564f208cbf0fba07f107fb661bcd1a7c389edbced3f7a493f70e37",
                "sha256:fb731e5deb0c7ef82d698b0f4c5bb724633ee2a489401594c5c88b02e6cb15f7",
                "sha256:fb7f67a1bfa6e40b438170ebdc8158b78dc465a5a67b6dde178a46987b244a72",
                "sha256:fd10de089bcdcd1be95a2f73dbe6254798ec1bda9f450d5828c96f93e2536b9c",
                "sha256:fdabf8315679312cfa71302f9bd509ded4f2f263fb5b765cf1433b39106c3cc9"
            ],
            "markers": "python_version >= '3.7'",
            "version": "==3.4.3"
        },
        "click": {
            "hashes": [
                "sha256:27c491cc05d968d271d5a1db13e3b5a184636d9d930f148c50b038f0d0646202",
                "sha256:61a3265b914e850b85317d0b3109c7f8cd35a670f963866005d6ef1d5175a12b"
            ],
            "index": "pypi",
            "markers": "python_version >= '3.10'",
            "version": "==8.2.1"
        },
        "cryptography": {
            "hashes": [
                "sha256:06ce84dc14df0bf6ea84666f958e6080cdb6fe1231be2a51f3fc1267d9f3fb34",
                "sha256:16ede8a4f7929b4b7ff3642eba2bf79aa1d71f24ab6ee443935c0d269b6bc513",
                "sha256:18fcf70f243fe07252dcb1b268a687f2358025ce32f9f88028ca5c364b123ef5",
                "sha256:1993a1bb7e4eccfb922b6cd414f072e08ff5816702a0bdb8941c247a6b1b287c",
                "sha256:1f3d56f73595376f4244646dd5c5870c14c196949807be39e79e7bd9bac3da63",
                "sha256:258e0dff86d1d891169b5af222d362468a9570e2532923088658aa866eb11130",
                "sha256:2f641b64acc00811da98df63df7d59fd4706c0df449da71cb7ac39a0732b40ae",
                "sha256:3808e6b2e5f0b46d981c24d79648e5c25c35e59902ea4391a0dcb3e667bf7443",
                "sha256:3994c809c17fc570c2af12c9b840d7cea85a9fd3e5c0e0491f4fa3c029216d59",
                "sha256:3be4f21c6245930688bd9e162829480de027f8bf962ede33d4f8ba7d67a00cee",
                "sha256:465ccac9d70115cd4de7186e60cfe989de73f7bb23e8a7aa45af18f7412e75bf",
                "sha256:48c41a44ef8b8c2e80ca4527ee81daa4c527df3ecbc9423c41a420a9559d0e27",
                "sha256:4a862753b36620af6fc54209264f92c716367f2f0ff4624952276a6bbd18cbde",
                "sha256:4b1654dfc64ea479c242508eb8c724044f1e964a47d1d1cacc5132292d851971",
                "sha256:4bd3e5c4b9682bc112d634f2c6ccc6736ed3635fc3319ac2bb11d768cc5a00d8",
                "sha256:577470e39e60a6cd7780793202e63536026d9b8641de011ed9d8174da9ca5339",
                "sha256:67285f8a611b0ebc0857ced2081e30302909f571a46bfa7a3cc0ad303fe015c6",
                "sha256:7285a89df4900ed3bfaad5679b1e668cb4b38a8de1ccbfc84b05f34512da0a90",
                "sha256:81823935e2f8d476707e85a78a405953a03ef7b7b4f55f93f7c2d9680e5e0691",
                "sha256:8978132287a9d3ad6b54fcd1e08548033cc09dc6aacacb6c004c73c3eb5d3ac3",
                "sha256:a20e442e917889d1a6b3c570c9e3fa2fdc398c20868abcea268ea33c024c4083",
                "sha256:a24ee598d10befaec178efdff6054bc4d7e883f615bfbcd08126a0f4931c83a6",
                "sha256:b04f85ac3a90c227b6e5890acb0edbaf3140938dbecf07bff618bf3638578cf1",
                "sha256:b6a0e535baec27b528cb07a119f321ac024592388c5681a5ced167ae98e9fff3",
                "sha256:bef32a5e327bd8e5af915d3416ffefdbe65ed975b646b3805be81b23580b57b8",
                "sha256:bfb4c801f65dd61cedfc61a83732327fafbac55a47282e6f26f073ca7a41c3b2",
                "sha256:c13b1e3afd29a5b3b2656257f14669ca8fa8d7956d509926f0b130b600b50ab7",
                "sha256:c987dad82e8c65ebc985f5dae5e74a3beda9d0a2a4daf8a1115f3772b59e5141",
                "sha256:ce7a453385e4c4693985b4a4a3533e041558851eae061a58a5405363b098fcd3",
                "sha256:d0c5c6bac22b177bf8da7435d9d27a6834ee130309749d162b26c3105c0795a9",
                "sha256:d97cf502abe2ab9eff8bd5e4aca274da8d06dd3ef08b759a8d6143f4ad65d4b4",
                "sha256:dad43797959a74103cb59c5dac71409f9c27d34c8a05921341fb64ea8ccb1dd4",
                "sha256:dd342f085542f6eb894ca00ef70236ea46070c8a13824c6bde0dfdcd36065b9b",
                "sha256:de58755d723e86175756f463f2f0bddd45cc36fbd62601228a3f8761c9f58252",
                "sha256:f3df7b3d0f91b88b2106031fd995802a2e9ae13e02c36c1fc075b43f420f3a17",
                "sha256:f5414a788ecc6ee6bc58560e85ca624258a55ca434884445440a810796ea0e0b",
                "sha256:fa26fa54c0a9384c27fcdc905a2fb7d60ac6e47d14bc2692145f2b3b1e2cfdbd"
            ],
            "markers": "python_version >= '3.7' and python_full_version not in '3.9.0, 3.9.1'",
            "version": "==45.0.7"
        },
        "idna": {
            "hashes": [
                "sha256:12f65c9b470abda6dc35cf8e63cc574b1c52b11df2c86030af0ac09b01b13ea9",
                "sha256:946d195a0d259cbba61165e88e65941f16e9b36ea6ddb97f00452bae8b1287d3"
            ],
            "markers": "python_version >= '3.6'",
            "version": "==3.10"
        },
        "iniconfig": {
            "hashes": [
                "sha256:3abbd2e30b36733fee78f9c7f7308f2d0050e88f0087fd25c2645f63c773e1c7",
                "sha256:9deba5723312380e77435581c6bf4935c94cbfab9b1ed33ef8d238ea168eb760"
            ],
            "markers": "python_version >= '3.8'",
            "version": "==2.1.0"
        },
        "markdown-it-py": {
            "hashes": [
                "sha256:87327c59b172c5011896038353a81343b6754500a08cd7a4973bb48c6d578147",
                "sha256:cb0a2b4aa34f932c007117b194e945bd74e0ec24133ceb5bac59009cda1cb9f3"
            ],
            "markers": "python_version >= '3.10'",
            "version": "==4.0.0"
        },
        "mdurl": {
            "hashes": [
                "sha256:84008a41e51615a49fc9966191ff91509e3c40b939176e643fd50a5c2196b8f8",
                "sha256:bb413d29f5eea38f31dd4754dd7377d4465116fb207585f97bf925588687c1ba"
            ],
            "markers": "python_version >= '3.7'",
            "version": "==0.1.2"
        },
        "orjson": {
            "hashes": [
                "sha256:00f1a271e56d511d1569937c0447d7dce5a99a33ea0dec76673706360a051904",
                "sha256:0c212cfdd90512fe722fa9bd620de4d46cda691415be86b2e02243242ae81873",
                "sha256:0c6d7328c200c349e3a4c6d8c83e0a5ad029bdc2d417f234152bf34842d0fc8d",
                "sha256:0e92a4e83341ef79d835ca21b8bd13e27c859e4e9e4d7b63defc6e58462a3710",
                "sha256:11c6d71478e2cbea0a709e8a06365fa63da81da6498a53e4c4f065881d21ae8f",
                "sha256:124d5ba71fee9c9902c4a7baa9425e663f7f0aecf73d31d54fe3dd357d62c1a7",
                "sha256:18bd1435cb1f2857ceb59cfb7de6f92593ef7b831ccd1b9bfb28ca530e539dce",
                "sha256:1c0603b1d2ffcd43a411d64797a19556ef76958aef1c182f22dc30860152a98a",
                "sha256:2030c01cbf77bc67bee7eef1e7e31ecf28649353987775e3583062c752da0077",
                "sha256:2039b7847ba3eec1f5886e75e6763a16e18c68a63efc4b029ddf994821e2e66b",
                "sha256:212e67806525d2561efbfe9e799633b17eb668b8964abed6b5319b2f1cfbae1f",
                "sha256:215c595c792a87d4407cb72dd5e0f6ee8e694ceeb7f9102b533c5a9bf2a916bb",
                "sha256:22724d80ee5a815a44fc76274bb7ba2e7464f5564aacb6ecddaa9970a83e3225",
                "sha256:29be5ac4164aa8bdcba5fa0700a3c9c316b411d8ed9d39ef8a882541bd452fae",
                "sha256:29cb1f1b008d936803e2da3d7cba726fc47232c45df531b29edf0b232dd737e7",
                "sha256:2b7b153ed90ababadbef5c3eb39549f9476890d339cf47af563aea7e07db2451",
                "sha256:2d68bf97a771836687107abfca089743885fb664b90138d8761cce61d5625d55",
                "sha256:317bbe2c069bbc757b1a2e4105b64aacd3bc78279b66a6b9e51e846e4809f804",
                "sha256:3782d2c60b8116772aea8d9b7905221437fdf53e7277282e8d8b07c220f96cca",
                "sha256:3d721fee37380a44f9d9ce6c701b3960239f4fb3d5ceea7f31cbd43882edaa2f",
                "sha256:414f71e3bdd5573893bf5ecdf35c32b213ed20aa15536fe2f588f946c318824f",
                "sha256:524b765ad888dc5518bbce12c77c2e83dee1ed6b0992c1790cc5fb49bb4b6667",
                "sha256:56afaf1e9b02302ba636151cfc49929c1bb66b98794291afd0e5f20fecaf757c",
                "sha256:58533f9e8266cb0ac298e259ed7b4d42ed3fa0b78ce76860626164de49e0d467",
                "sha256:5ff835b5d3e67d9207343effb03760c00335f8b5285bfceefd4dc967b0e48f6a",
                "sha256:61dcdad16da5bb486d7227a37a2e789c429397793a6955227cedbd7252eb5a27",
                "sha256:6890ace0809627b0dff19cfad92d69d0fa3f089d3e359a2a532507bb6ba34efb",
                "sha256:6be2f1b5d3dc99a5ce5ce162fc741c22ba9f3443d3dd586e6a1211b7bc87bc7b",
                "sha256:6e8e0c3b85575a32f2ffa59de455f85ce002b8bdc0662d6b9c2ed6d80ab5d204",
                "sha256:73b92a5b69f31b1a58c0c7e31080aeaec49c6e01b9522e71ff38d08f15aa56de",
                "sha256:7909ae2460f5f494fecbcd10613beafe40381fd0316e35d6acb5f3a05bfda167",
                "sha256:79b44319268af2eaa3e315b92298de9a0067ade6e6003ddaef72f8e0bedb94f1",
                "sha256:828e3149ad8815dc14468f36ab2a4b819237c155ee1370341b91ea4c8672d2ee",
                "sha256:84fd82870b97ae3cdcea9d8746e592b6d40e1e4d4527835fc520c588d2ded04f",
                "sha256:88dcfc514cfd1b0de038443c7b3e6a9797ffb1b3674ef1fd14f701a13397f82d",
                "sha256:8ab962931015f170b97a3dd7bd933399c1bae8ed8ad0fb2a7151a5654b6941c7",
                "sha256:8b13974dc8ac6ba22feaa867fc19135a3e01a134b4f7c9c28162fed4d615008a",
                "sha256:8c752089db84333e36d754c4baf19c0e1437012242048439c7e80eb0e6426e3b",
                "sha256:8e531abd745f51f8035e207e75e049553a86823d189a51809c078412cefb399a",
                "sha256:90368277087d4af32d38bd55f9da2ff466d25325bf6167c8f382d8ee40cb2bbc",
                "sha256:913f629adef31d2d350d41c051ce7e33cf0fd06a5d1cb28d49b1899b23b903aa",
                "sha256:976c6f1975032cc327161c65d4194c549f2589d88b105a5e3499429a54479770",
                "sha256:97dceed87ed9139884a55db8722428e27bd8452817fbf1869c58b49fecab1120",
                "sha256:9b8761b6cf04a856eb544acdd82fc594b978f12ac3602d6374a7edb9d86fd2c2",
                "sha256:9d2ae0cc6aeb669633e0124531f342a17d8e97ea999e42f12a5ad4adaa304c5f",
                "sha256:9d8787bdfbb65a85ea76d0e96a3b1bed7bf0fbcb16d40408dc1172ad784a49d2",
                "sha256:9dba358d55aee552bd868de348f4736ca5a4086d9a62e2bfbbeeb5629fe8b0cc",
                "sha256:9f1587f26c235894c09e8b5b7636a38091a9e6e7fe4531937534749c04face43",
                "sha256:a0169ebd1cbd94b26c7a7ad282cf5c2744fce054133f959e02eb5265deae1872",
                "sha256:ac9e05f25627ffc714c21f8dfe3a579445a5c392a9c8ae7ba1d0e9fb5333f56e",
                "sha256:ae8b756575aaa2a855a75192f356bbda11a89169830e1439cfb1a3e1a6dde7be",
                "sha256:af40c6612fd2a4b00de648aa26d18186cd1322330bd3a3cc52f87c699e995810",
                "sha256:b67e71e47caa6680d1b6f075a396d04fa6ca8ca09aafb428731da9b3ea32a5a6",
                "sha256:b822caf5b9752bc6f246eb08124c3d12bf2175b66ab74bac2ef3bbf9221ce1b2",
                "sha256:ba21dbb2493e9c653eaffdc38819b004b7b1b246fb77bfc93dc016fe664eac91",
                "sha256:bb93562146120bb51e6b154962d3dadc678ed0fce96513fa6bc06599bb6f6edc",
                "sha256:bc779b4f4bba2847d0d2940081a7b6f7b5877e05408ffbb74fa1faf4a136c424",
                "sha256:bc8bc85b81b6ac9fc4dae393a8c159b817f4c2c9dee5d12b773bddb3b95fc07e",
                "sha256:bd4b909ce4c50faa2192da6bb684d9848d4510b736b0611b6ab4020ea6fd2d23",
                "sha256:bfc27516ec46f4520b18ef645864cee168d2a027dbf32c5537cb1f3e3c22dac1",
                "sha256:c5189a5dab8b0312eadaf9d58d3049b6a52c454256493a557405e77a3d67ab7f",
                "sha256:c9416cc19a349c167ef76135b2fe40d03cea93680428efee8771f3e9fb66079d",
                "sha256:cf4b81227ec86935568c7edd78352a92e97af8da7bd70bdfdaa0d2e0011a1ab4",
                "sha256:d2489b241c19582b3f1430cc5d732caefc1aaf378d97e7fb95b9e56bed11725f",
                "sha256:d61cd543d69715d5fc0a690c7c6f8dcc307bc23abef9738957981885f5f38229",
                "sha256:d7d012ebddffcce8c85734a6d9e5f08180cd3857c5f5a3ac70185b43775d043d",
                "sha256:d7d18dd34ea2e860553a579df02041845dee0af8985dff7f8661306f95504ddf",
                "sha256:d8b11701bc43be92ea42bd454910437b355dfb63696c06fe953ffb40b5f763b4",
                "sha256:dd759f75d6b8d1b62012b7f5ef9461d03c804f94d539a5515b454ba3a6588038",
                "sha256:e0a23b41f8f98b4e61150a03f83e4f0d566880fe53519d445a962929a4d21045",
                "sha256:e44fbe4000bd321d9f3b648ae46e0196d21577cf66ae684a96ff90b1f7c93633",
                "sha256:e6fbaf48a744b94091a56c62897b27c31ee2da93d826aa5b207131a1e13d4064",
                "sha256:e8f6a7a27d7b7bec81bd5924163e9af03d49bbb63013f107b48eb5d16db711bc",
                "sha256:eabcf2e84f1d7105f84580e03012270c7e97ecb1fb1618bda395061b2a84a049",
                "sha256:f5aa4682912a450c2db89cbd92d356fef47e115dffba07992555542f344d301b",
                "sha256:f66b001332a017d7945e177e282a40b6997056394e3ed7ddb41fb1813b83e824",
                "sha256:f83abab5bacb76d9c821fd5c07728ff224ed0e52d7a71b7b3de822f3df04e15c",
                "sha256:f8d902867b699bcd09c176a280b1acdab57f924489033e53d0afe79817da37e6",
                "sha256:f9d4a5e041ae435b815e568537755773d05dac031fee6a57b4ba70897a44d9d2",
                "sha256:fafb1a99d740523d964b15c8db4eabbfc86ff29f84898262bf6e3e4c9e97e43e",
                "sha256:fbecb9709111be913ae6879b07bafd4b0785b44c1eb5cac8ac76da048b3885a1",
                "sha256:fd7ff459fb393358d3a155d25b275c60b07a2c83dcd7ea962b1923f5a1134569",
                "sha256:ff94112e0098470b665cb0ed06efb187154b63649403b8d5e9aedeb482b4548c"
            ],
            "index": "pypi",
            "markers": "python_version >= '3.9'",
            "version": "==3.11.3"
        },
        "packaging": {
            "hashes": [
                "sha256:29572ef2b1f17581046b3a2227d5c611fb25ec70ca1ba8554b24b0e69331a484",
                "sha256:d443872c98d677bf60f6a1f2f8c1cb748e8fe762d2bf9d3148b5599295b0fc4f"
            ],
            "markers": "python_version >= '3.8'",
            "version": "==25.0"
        },
        "pdfminer.six": {
            "hashes": [
                "sha256:b03cc8df09cf3c7aba8246deae52e0bca7ebb112a38895b5e1d4f5dd2b8ca2e7",
                "sha256:d81ad173f62e5f841b53a8ba63af1a4a355933cfc0ffabd608e568b9193909e3"
            ],
            "markers": "python_version >= '3.9'",
            "version": "==20250506"
        },
        "pdfplumber": {
            "hashes": [
                "sha256:edd2195cca68bd770da479cf528a737e362968ec2351e62a6c0b71ff612ac25e",
                "sha256:fa67773e5e599de1624255e9b75d1409297c5e1d7493b386ce63648637c67368"
            ],
            "index": "pypi",
            "markers": "python_version >= '3.8'",
            "version": "==0.11.7"
        },
        "pillow": {
            "hashes": [
                "sha256:023f6d2d11784a465f09fd09a34b150ea4672e85fb3d05931d89f373ab14abb2",
                "sha256:02a723e6bf909e7cea0dac1b0e0310be9d7650cd66222a5f1c571455c0a45214",
                "sha256:040a5b691b0713e1f6cbe222e0f4f74cd233421e105850ae3b3c0ceda520f42e",
                "sha256:05f6ecbeff5005399bb48d198f098a9b4b6bdf27b8487c7f38ca16eeb070cd59",
                "sha256:068d9c39a2d1b358eb9f245ce7ab1b5c3246c7c8c7d9ba58cfa5b43146c06e50",
                "sha256:0743841cabd3dba6a83f38a92672cccbd69af56e3e91777b0ee7f4dba4385632",
                "sha256:092c80c76635f5ecb10f3f83d76716165c96f5229addbd1ec2bdbbda7d496e06",
                "sha256:0b275ff9b04df7b640c59ec5a3cb113eefd3795a8df80bac69646ef699c6981a",
                "sha256:0bce5c4fd0921f99d2e858dc4d4d64193407e1b99478bc5cacecba2311abde51",
                "sha256:1019b04af07fc0163e2810167918cb5add8d74674b6267616021ab558dc98ced",
                "sha256:106064daa23a745510dabce1d84f29137a37224831d88eb4ce94bb187b1d7e5f",
                "sha256:118ca10c0d60b06d006be10a501fd6bbdfef559251ed31b794668ed569c87e12",
                "sha256:13f87d581e71d9189ab21fe0efb5a23e9f28552d5be6979e84001d3b8505abe8",
                "sha256:155658efb5e044669c08896c0c44231c5e9abcaadbc5cd3648df2f7c0b96b9a6",
                "sha256:1904e1264881f682f02b7f8167935cce37bc97db457f8e7849dc3a6a52b99580",
                "sha256:19d2ff547c75b8e3ff46f4d9ef969a06c30ab2d4263a9e287733aa8b2429ce8f",
                "sha256:1a992e86b0dd7aeb1f053cd506508c0999d710a8f07b4c791c63843fc6a807ac",
                "sha256:1b9c17fd4ace828b3003dfd1e30bff24863e0eb59b535e8f80194d9cc7ecf860",
                "sha256:1c627742b539bba4309df89171356fcb3cc5a9178355b2727d1b74a6cf155fbd",
                "sha256:1cd110edf822773368b396281a2293aeb91c90a2db00d78ea43e7e861631b722",
                "sha256:1f85acb69adf2aaee8b7da124efebbdb959a104db34d3a2cb0f3793dbae422a8",
                "sha256:23cff760a9049c502721bdb743a7cb3e03365fafcdfc2ef9784610714166e5a4",
                "sha256:2465a69cf967b8b49ee1b96d76718cd98c4e925414ead59fdf75cf0fd07df673",
                "sha256:2a3117c06b8fb646639dce83694f2f9eac405472713fcb1ae887469c0d4f6788",
                "sha256:2aceea54f957dd4448264f9bf40875da0415c83eb85f55069d89c0ed436e3542",
                "sha256:2d6fcc902a24ac74495df63faad1884282239265c6839a0a6416d33faedfae7e",
                "sha256:30807c931ff7c095620fe04448e2c2fc673fcbb1ffe2a7da3fb39613489b1ddd",
                "sha256:30b7c02f3899d10f13d7a48163c8969e4e653f8b43416d23d13d1bbfdc93b9f8",
                "sha256:3828ee7586cd0b2091b6209e5ad53e20d0649bbe87164a459d0676e035e8f523",
                "sha256:3cee80663f29e3843b68199b9d6f4f54bd1d4a6b59bdd91bceefc51238bcb967",
                "sha256:3e184b2f26ff146363dd07bde8b711833d7b0202e27d13540bfe2e35a323a809",
                "sha256:41342b64afeba938edb034d122b2dda5db2139b9a4af999729ba8818e0056477",
                "sha256:41742638139424703b4d01665b807c6468e23e699e8e90cffefe291c5832b027",
                "sha256:4445fa62e15936a028672fd48c4c11a66d641d2c05726c7ec1f8ba6a572036ae",
                "sha256:45dfc51ac5975b938e9809451c51734124e73b04d0f0ac621649821a63852e7b",
                "sha256:465b9e8844e3c3519a983d58b80be3f668e2a7a5db97f2784e7079fbc9f9822c",
                "sha256:48d254f8a4c776de343051023eb61ffe818299eeac478da55227d96e241de53f",
                "sha256:4c834a3921375c48ee6b9624061076bc0a32a60b5532b322cc0ea64e639dd50e",
                "sha256:4c96f993ab8c98460cd0c001447bff6194403e8b1d7e149ade5f00594918128b",
                "sha256:504b6f59505f08ae014f724b6207ff6222662aab5cc9542577fb084ed0676ac7",
                "sha256:527b37216b6ac3a12d7838dc3bd75208ec57c1c6d11ef01902266a5a0c14fc27",
                "sha256:5418b53c0d59b3824d05e029669efa023bbef0f3e92e75ec8428f3799487f361",
                "sha256:59a03cdf019efbfeeed910bf79c7c93255c3d54bc45898ac2a4140071b02b4ae",
                "sha256:5e05688ccef30ea69b9317a9ead994b93975104a677a36a8ed8106be9260aa6d",
                "sha256:6359a3bc43f57d5b375d1ad54a0074318a0844d11b76abccf478c37c986d3cfc",
                "sha256:643f189248837533073c405ec2f0bb250ba54598cf80e8c1e043381a60632f58",
                "sha256:65dc69160114cdd0ca0f35cb434633c75e8e7fad4cf855177a05bf38678f73ad",
                "sha256:67172f2944ebba3d4a7b54f2e95c786a3a50c21b88456329314caaa28cda70f6",
                "sha256:676b2815362456b5b3216b4fd5bd89d362100dc6f4945154ff172e206a22c024",
                "sha256:6a418691000f2a418c9135a7cf0d797c1bb7d9a485e61fe8e7722845b95ef978",
                "sha256:6abdbfd3aea42be05702a8dd98832329c167ee84400a1d1f61ab11437f1717eb",
                "sha256:6be31e3fc9a621e071bc17bb7de63b85cbe0bfae91bb0363c893cbe67247780d",
                "sha256:7107195ddc914f656c7fc8e4a5e1c25f32e9236ea3ea860f257b0436011fddd0",
                "sha256:71f511f6b3b91dd543282477be45a033e4845a40278fa8dcdbfdb07109bf18f9",
                "sha256:7859a4cc7c9295f5838015d8cc0a9c215b77e43d07a25e460f35cf516df8626f",
                "sha256:7966e38dcd0fa11ca390aed7c6f20454443581d758242023cf36fcb319b1a874",
                "sha256:79ea0d14d3ebad43ec77ad5272e6ff9bba5b679ef73375ea760261207fa8e0aa",
                "sha256:7aee118e30a4cf54fdd873bd3a29de51e29105ab11f9aad8c32123f58c8f8081",
                "sha256:7b161756381f0918e05e7cb8a371fff367e807770f8fe92ecb20d905d0e1c149",
                "sha256:7c8ec7a017ad1bd562f93dbd8505763e688d388cde6e4a010ae1486916e713e6",
                "sha256:7d1aa4de119a0ecac0a34a9c8bde33f34022e2e8f99104e47a3ca392fd60e37d",
                "sha256:7db51d222548ccfd274e4572fdbf3e810a5e66b00608862f947b163e613b67dd",
                "sha256:819931d25e57b513242859ce1876c58c59dc31587847bf74cfe06b2e0cb22d2f",
                "sha256:83e1b0161c9d148125083a35c1c5a89db5b7054834fd4387499e06552035236c",
                "sha256:857844335c95bea93fb39e0fa2726b4d9d758850b34075a7e3ff4f4fa3aa3b31",
                "sha256:8797edc41f3e8536ae4b10897ee2f637235c94f27404cac7297f7b607dd0716e",
                "sha256:8924748b688aa210d79883357d102cd64690e56b923a186f35a82cbc10f997db",
                "sha256:89bd777bc6624fe4115e9fac3352c79ed60f3bb18651420635f26e643e3dd1f6",
                "sha256:8dc70ca24c110503e16918a658b869019126ecfe03109b754c402daff12b3d9f",
                "sha256:91da1d88226663594e3f6b4b8c3c8d85bd504117d043740a8e0ec449087cc494",
                "sha256:921bd305b10e82b4d1f5e802b6850677f965d8394203d182f078873851dada69",
                "sha256:932c754c2d51ad2b2271fd01c3d121daaa35e27efae2a616f77bf164bc0b3e94",
                "sha256:93efb0b4de7e340d99057415c749175e24c8864302369e05914682ba642e5d77",
                "sha256:97afb3a00b65cc0804d1c7abddbf090a81eaac02768af58cbdcaaa0a931e0b6d",
                "sha256:97f07ed9f56a3b9b5f49d3661dc9607484e85c67e27f3e8be2c7d28ca032fec7",
                "sha256:98a9afa7b9007c67ed84c57c9e0ad86a6000da96eaa638e4f8abe5b65ff83f0a",
                "sha256:9ab6ae226de48019caa8074894544af5b53a117ccb9d3b3dcb2871464c829438",
                "sha256:9c412fddd1b77a75aa904615ebaa6001f169b26fd467b4be93aded278266b288",
                "sha256:a1bc6ba083b145187f648b667e05a2534ecc4b9f2784c2cbe3089e44868f2b9b",
                "sha256:a418486160228f64dd9e9efcd132679b7a02a5f22c982c78b6fc7dab3fefb635",
                "sha256:a4d336baed65d50d37b88ca5b60c0fa9d81e3a87d4a7930d3880d1624d5b31f3",
                "sha256:a6444696fce635783440b7f7a9fc24b3ad10a9ea3f0ab66c5905be1c19ccf17d",
                "sha256:a7bc6e6fd0395bc052f16b1a8670859964dbd7003bd0af2ff08342eb6e442cfe",
                "sha256:b4b8f3efc8d530a1544e5962bd6b403d5f7fe8b9e08227c6b255f98ad82b4ba0",
                "sha256:b5f56c3f344f2ccaf0dd875d3e180f631dc60a51b314295a3e681fe8cf851fbe",
                "sha256:be5463ac478b623b9dd3937afd7fb7ab3d79dd290a28e2b6df292dc75063eb8a",
                "sha256:c37d8ba9411d6003bba9e518db0db0c58a680ab9fe5179f040b0463644bc9805",
                "sha256:c84d689db21a1c397d001aa08241044aa2069e7587b398c8cc63020390b1c1b8",
                "sha256:c96d333dcf42d01f47b37e0979b6bd73ec91eae18614864622d9b87bbd5bbf36",
                "sha256:cadc9e0ea0a2431124cde7e1697106471fc4c1da01530e679b2391c37d3fbb3a",
                "sha256:cc3e831b563b3114baac7ec2ee86819eb03caa1a2cef0b481a5675b59c4fe23b",
                "sha256:cd8ff254faf15591e724dc7c4ddb6bf4793efcbe13802a4ae3e863cd300b493e",
                "sha256:d000f46e2917c705e9fb93a3606ee4a819d1e3aa7a9b442f6444f07e77cf5e25",
                "sha256:d9da3df5f9ea2a89b81bb6087177fb1f4d1c7146d583a3fe5c672c0d94e55e12",
                "sha256:e5c5858ad8ec655450a7c7df532e9842cf8df7cc349df7225c60d5d348c8aada",
                "sha256:e67d793d180c9df62f1f40aee3accca4829d3794c95098887edc18af4b8b780c",
                "sha256:ea944117a7974ae78059fcc1800e5d3295172bb97035c0c1d9345fca1419da71",
                "sha256:eb76541cba2f958032d79d143b98a3a6b3ea87f0959bbe256c0b5e416599fd5d",
                "sha256:ec1ee50470b0d050984394423d96325b744d55c701a439d2bd66089bff963d3c",
                "sha256:ee92f2fd10f4adc4b43d07ec5e779932b4eb3dbfbc34790ada5a6669bc095aa6",
                "sha256:f0f5d8f4a08090c6d6d578351a2b91acf519a54986c055af27e7a93feae6d3f1",
                "sha256:f1f182ebd2303acf8c380a54f615ec883322593320a9b00438eb842c1f37ae50",
                "sha256:f8a5827f84d973d8636e9dc5764af4f0cf2318d26744b3d902931701b0d46653",
                "sha256:f944255db153ebb2b19c51fe85dd99ef0ce494123f21b9db4877ffdfc5590c7c",
                "sha256:fdae223722da47b024b867c1ea0be64e0df702c5e0a60e27daad39bf960dd1e4",
                "sha256:fe27fb049cdcca11f11a7bfda64043c37b30e6b91f10cb5bab275806c32f6ab3"
            ],
            "markers": "python_version >= '3.9'",
            "version": "==11.3.0"
        },
        "pluggy": {
            "hashes": [
                "sha256:7dcc130b76258d33b90f61b658791dede3486c3e6bfb003ee5c9bfb396dd22f3",
                "sha256:e920276dd6813095e9377c0bc5566d94c932c33b27a3e3945d8389c374dd4746"
            ],
            "markers": "python_version >= '3.9'",
            "version": "==1.6.0"
        },
        "pycparser": {
            "hashes": [
                "sha256:491c8be9c040f5390f5bf44a5b07752bd07f56edf992381b05c701439eec10f6",
                "sha256:c3702b6d3dd8c7abc1afa565d7e63d53a1d0bd86cdc24edd75470f4de499cfcc"
            ],
            "markers": "python_version >= '3.8'",
            "version": "==2.22"
        },
        "pygments": {
            "hashes": [
                "sha256:636cb2477cec7f8952536970bc533bc43743542f70392ae026374600add5b887",
                "sha256:86540386c03d588bb81d44bc3928634ff26449851e99741617ecb9037ee5ec0b"
            ],
            "markers": "python_version >= '3.8'",
            "version": "==2.19.2"
        },
        "pymupdf": {
            "hashes": [
                "sha256:0b6345a93a9afd28de2567e433055e873205c52e6b920b129ca50e836a3aeec6",
                "sha256:2604f687dd02b6a1b98c81bd8becfc0024899a2d2085adfe3f9e91607721fd22",
                "sha256:299a49797df5b558e695647fa791329ba3911cbbb31ed65f24a6266c118ef1a7",
                "sha256:51b38379aad8c71bd7a8dd24d93fbe7580c2a5d9d7e1f9cd29ebbba315aa1bd1",
                "sha256:67e9e6b45832c33726651c2a031e9a20108fd9e759140b9e843f934de813a7ff",
                "sha256:973a6dda61ebd34040e4df3753bf004b669017663fbbfdaa294d44eceba98de0",
                "sha256:be13a066d42bfaed343a488168656637c4d9843ddc63b768dc827c9dfc6b9989",
                "sha256:cb95562a0a63ce906fd788bdad5239063b63068cf4a991684f43acb09052cb99"
            ],
            "index": "pypi",
            "markers": "python_version >= '3.9'",
            "version": "==1.26.4"
        },
        "pypdf2": {
            "hashes": [
                "sha256:a74408f69ba6271f71b9352ef4ed03dc53a31aa404d29b5d31f53bfecfee1440",
                "sha256:d16e4205cfee272fbdc0568b68d82be796540b1537508cef59388f839c191928"
            ],
            "index": "pypi",
            "markers": "python_version >= '3.6'",
            "version": "==3.0.1"
        },
        "pypdfium2": {
            "hashes": [
                "sha256:0dfa61421b5eb68e1188b0b2231e7ba35735aef2d867d86e48ee6cab6975195e",
                "sha256:119b2969a6d6b1e8d55e99caaf05290294f2d0fe49c12a3f17102d01c441bd29",
                "sha256:3d0dd3ecaffd0b6dbda3da663220e705cb563918249bda26058c6036752ba3a2",
                "sha256:48b5b7e5566665bc1015b9d69c1ebabe21f6aee468b509531c3c8318eeee2e16",
                "sha256:4e55689f4b06e2d2406203e771f78789bd4f190731b5d57383d05cf611d829de",
                "sha256:4e6e50f5ce7f65a40a33d7c9edc39f23140c57e37144c2d6d9e9262a2a854854",
                "sha256:5eda3641a2da7a7a0b2f4dbd71d706401a656fea521b6b6faa0675b15d31a163",
                "sha256:90dbb2ac07be53219f56be09961eb95cf2473f834d01a42d901d13ccfad64b4c",
                "sha256:b33ceded0b6ff5b2b93bc1fe0ad4b71aa6b7e7bd5875f1ca0cdfb6ba6ac01aab",
                "sha256:cc3bf29b0db8c76cdfaac1ec1cde8edf211a7de7390fbf8934ad2aa9b4d6dfad",
                "sha256:ee2410f15d576d976c2ab2558c93d392a25fb9f6635e8dd0a8a3a5241b275e0e",
                "sha256:f1f78d2189e0ddf9ac2b7a9b9bd4f0c66f54d1389ff6c17e9fd9dc034d06eb3f",
                "sha256:f33bd79e7a09d5f7acca3b0b69ff6c8a488869a7fab48fdf400fec6e20b9c8be"
            ],
            "markers": "python_version >= '3.6'",
            "version": "==4.30.0"
        },
        "pytest": {
            "hashes": [
                "sha256:539c70ba6fcead8e78eebbf1115e8b589e7565830d7d006a8723f19ac8a0afb7",
                "sha256:7c67fd69174877359ed9371ec3af8a3d2b04741818c51e5e99cc1742251fa93c"
            ],
            "index": "pypi",
            "markers": "python_version >= '3.9'",
            "version": "==8.4.1"
        },
        "python-dateutil": {
            "hashes": [
                "sha256:37dd54208da7e1cd875388217d5e00ebd4179249f90fb72437e91a35459a0ad3",
                "sha256:a8b2bc7bffae282281c8140a97d3aa9c14da0b136dfe83f850eea9a5f7470427"
            ],
            "index": "pypi",
            "markers": "python_version >= '2.7' and python_version not in '3.0, 3.1, 3.2'",
            "version": "==2.9.0.post0"
        },
        "requests": {
            "hashes": [
                "sha256:2462f94637a34fd532264295e186976db0f5d453d1cdd31473c85a6a161affb6",
                "sha256:dbba0bac56e100853db0ea71b82b4dfd5fe2bf6d3754a8893c3af500cec7d7cf"
            ],
            "index": "pypi",
            "markers": "python_version >= '3.9'",
            "version": "==2.32.5"
        },
        "rich": {
            "hashes": [
                "sha256:536f5f1785986d6dbdea3c75205c473f970777b4a0d6c6dd1b696aa05a3fa04f",
                "sha256:e497a48b844b0320d45007cdebfeaeed8db2a4f4bcf49f15e455cfc4af11eaa8"
            ],
            "index": "pypi",
            "markers": "python_full_version >= '3.8.0'",
            "version": "==14.1.0"
        },
        "six": {
            "hashes": [
                "sha256:4721f391ed90541fddacab5acf947aa0d3dc7d27b2e1e8eda2be8970586c3274",
                "sha256:ff70335d468e7eb6ec65b95b99d3a2836546063f63acc5171de367e834932a81"
            ],
            "markers": "python_version >= '2.7' and python_version not in '3.0, 3.1, 3.2'",
            "version": "==1.17.0"
        },
        "soupsieve": {
            "hashes": [
                "sha256:0cc76456a30e20f5d7f2e14a98a4ae2ee4e5abdc7c5ea0aafe795f344bc7984c",
                "sha256:e2dd4a40a628cb5f28f6d4b0db8800b8f581b65bb380b97de22ba5ca8d72572f"
            ],
            "markers": "python_version >= '3.9'",
            "version": "==2.8"
        },
        "typing-extensions": {
            "hashes": [
                "sha256:0cea48d173cc12fa28ecabc3b837ea3cf6f38c6d1136f85cbaaf598984861466",
                "sha256:f0fa19c6845758ab08074a0cfa8b7aecb71c999ca73d62883bc25cc018c4e548"
            ],
            "markers": "python_version >= '3.9'",
            "version": "==4.15.0"
        },
        "urllib3": {
            "hashes": [
                "sha256:3fc47733c7e419d4bc3f6b3dc2b4f890bb743906a30d56ba4a5bfa4bbff92760",
                "sha256:e6b01673c0fa6a13e374b50871808eb3bf7046c4b125b216f6bf1cc604cff0dc"
            ],
            "markers": "python_version >= '3.9'",
            "version": "==2.5.0"
        },
        "xmltodict": {
            "hashes": [
                "sha256:201e7c28bb210e374999d1dde6382923ab0ed1a8a5faeece48ab525b7810a553",
                "sha256:20cc7d723ed729276e808f26fb6b3599f786cbc37e06c65e192ba77c40f20aac"
            ],
            "index": "pypi",
            "markers": "python_version >= '3.6'",
            "version": "==0.14.2"
        }
    },
    "develop": {}
}
